
Microsoft Visual Studio Solution File, Format Version 12.00
# Visual Studio 15
VisualStudioVersion = 15.0.27703.1
MinimumVisualStudioVersion = 10.0.40219.1
Project("{FAE04EC0-301F-11D3-BF4B-00C04F79EFBC}") = "PostavitveUWP", "PostavitveUWP\PostavitveUWP.csproj", "{60949347-AD5D-4D2E-8AC9-2F4B658FB91D}"
EndProject
Global
	GlobalSection(SolutionConfigurationPlatforms) = preSolution
		Debug|ARM = Debug|ARM
		Debug|x64 = Debug|x64
		Debug|x86 = Debug|x86
		Release|ARM = Release|ARM
		Release|x64 = Release|x64
		Release|x86 = Release|x86
	EndGlobalSection
	GlobalSection(ProjectConfigurationPlatforms) = postSolution
		{60949347-AD5D-4D2E-8AC9-2F4B658FB91D}.Debug|ARM.ActiveCfg = Debug|ARM
		{60949347-AD5D-4D2E-8AC9-2F4B658FB91D}.Debug|ARM.Build.0 = Debug|ARM
		{60949347-AD5D-4D2E-8AC9-2F4B658FB91D}.Debug|ARM.Deploy.0 = Debug|ARM
		{60949347-AD5D-4D2E-8AC9-2F4B658FB91D}.Debug|x64.ActiveCfg = Debug|x64
		{60949347-AD5D-4D2E-8AC9-2F4B658FB91D}.Debug|x64.Build.0 = Debug|x64
		{60949347-AD5D-4D2E-8AC9-2F4B658FB91D}.Debug|x64.Deploy.0 = Debug|x64
		{60949347-AD5D-4D2E-8AC9-2F4B658FB91D}.Debug|x86.ActiveCfg = Debug|x86
		{60949347-AD5D-4D2E-8AC9-2F4B658FB91D}.Debug|x86.Build.0 = Debug|x86
		{60949347-AD5D-4D2E-8AC9-2F4B658FB91D}.Debug|x86.Deploy.0 = Debug|x86
		{60949347-AD5D-4D2E-8AC9-2F4B658FB91D}.Release|ARM.ActiveCfg = Release|ARM
		{60949347-AD5D-4D2E-8AC9-2F4B658FB91D}.Release|ARM.Build.0 = Release|ARM
		{60949347-AD5D-4D2E-8AC9-2F4B658FB91D}.Release|ARM.Deploy.0 = Release|ARM
		{60949347-AD5D-4D2E-8AC9-2F4B658FB91D}.Release|x64.ActiveCfg = Release|x64
		{60949347-AD5D-4D2E-8AC9-2F4B658FB91D}.Release|x64.Build.0 = Release|x64
		{60949347-AD5D-4D2E-8AC9-2F4B658FB91D}.Release|x64.Deploy.0 = Release|x64
		{60949347-AD5D-4D2E-8AC9-2F4B658FB91D}.Release|x86.ActiveCfg = Release|x86
		{60949347-AD5D-4D2E-8AC9-2F4B658FB91D}.Release|x86.Build.0 = Release|x86
		{60949347-AD5D-4D2E-8AC9-2F4B658FB91D}.Release|x86.Deploy.0 = Release|x86
	EndGlobalSection
	GlobalSection(SolutionProperties) = preSolution
		HideSolutionNode = FALSE
	EndGlobalSection
	GlobalSection(ExtensibilityGlobals) = postSolution
		SolutionGuid = {EE211994-0C1F-4218-BF77-90E0DFF75AFE}
	EndGlobalSection
EndGlobal
